// !$*UTF8*$!
{
	archiveVersion = 1;
	classes = {
	};
	objectVersion = 46;
	objects = {

/* Begin PBXBuildFile section */
		D24CF6371A6D815900540A64 /* main.m in Sources */ = {isa = PBXBuildFile; fileRef = D24CF6361A6D815900540A64 /* main.m */; };
		D24CF63A1A6D815900540A64 /* AppDelegate.m in Sources */ = {isa = PBXBuildFile; fileRef = D24CF6391A6D815900540A64 /* AppDelegate.m */; };
		D24CF63D1A6D815900540A64 /* FirstViewController.m in Sources */ = {isa = PBXBuildFile; fileRef = D24CF63C1A6D815900540A64 /* FirstViewController.m */; };
		D24CF6401A6D815900540A64 /* SecondViewController.m in Sources */ = {isa = PBXBuildFile; fileRef = D24CF63F1A6D815900540A64 /* SecondViewController.m */; };
		D24CF6431A6D815900540A64 /* Main.storyboard in Resources */ = {isa = PBXBuildFile; fileRef = D24CF6411A6D815900540A64 /* Main.storyboard */; };
		D24CF6451A6D815900540A64 /* Images.xcassets in Resources */ = {isa = PBXBuildFile; fileRef = D24CF6441A6D815900540A64 /* Images.xcassets */; };
		D24CF6481A6D815900540A64 /* LaunchScreen.xib in Resources */ = {isa = PBXBuildFile; fileRef = D24CF6461A6D815900540A64 /* LaunchScreen.xib */; };
		D24CF6541A6D815900540A64 /* BranchSDKTestTests.m in Sources */ = {isa = PBXBuildFile; fileRef = D24CF6531A6D815900540A64 /* BranchSDKTestTests.m */; };
		D24CF65E1A6D817F00540A64 /* Podfile in Resources */ = {isa = PBXBuildFile; fileRef = D24CF65D1A6D817F00540A64 /* Podfile */; };
/* End PBXBuildFile section */

/* Begin PBXContainerItemProxy section */
		D24CF64E1A6D815900540A64 /* PBXContainerItemProxy */ = {
			isa = PBXContainerItemProxy;
			containerPortal = D24CF6291A6D815900540A64 /* Project object */;
			proxyType = 1;
			remoteGlobalIDString = D24CF6301A6D815900540A64;
			remoteInfo = BranchSDKTest;
		};
/* End PBXContainerItemProxy section */

/* Begin PBXFileReference section */
		D24CF6311A6D815900540A64 /* BranchSDKTest.app */ = {isa = PBXFileReference; explicitFileType = wrapper.application; includeInIndex = 0; path = BranchSDKTest.app; sourceTree = BUILT_PRODUCTS_DIR; };
		D24CF6351A6D815900540A64 /* Info.plist */ = {isa = PBXFileReference; lastKnownFileType = text.plist.xml; path = Info.plist; sourceTree = "<group>"; };
		D24CF6361A6D815900540A64 /* main.m */ = {isa = PBXFileReference; lastKnownFileType = sourcecode.c.objc; path = main.m; sourceTree = "<group>"; };
		D24CF6381A6D815900540A64 /* AppDelegate.h */ = {isa = PBXFileReference; lastKnownFileType = sourcecode.c.h; path = AppDelegate.h; sourceTree = "<group>"; };
		D24CF6391A6D815900540A64 /* AppDelegate.m */ = {isa = PBXFileReference; lastKnownFileType = sourcecode.c.objc; path = AppDelegate.m; sourceTree = "<group>"; };
		D24CF63B1A6D815900540A64 /* FirstViewController.h */ = {isa = PBXFileReference; lastKnownFileType = sourcecode.c.h; path = FirstViewController.h; sourceTree = "<group>"; };
		D24CF63C1A6D815900540A64 /* FirstViewController.m */ = {isa = PBXFileReference; lastKnownFileType = sourcecode.c.objc; path = FirstViewController.m; sourceTree = "<group>"; };
		D24CF63E1A6D815900540A64 /* SecondViewController.h */ = {isa = PBXFileReference; lastKnownFileType = sourcecode.c.h; path = SecondViewController.h; sourceTree = "<group>"; };
		D24CF63F1A6D815900540A64 /* SecondViewController.m */ = {isa = PBXFileReference; lastKnownFileType = sourcecode.c.objc; path = SecondViewController.m; sourceTree = "<group>"; };
		D24CF6421A6D815900540A64 /* Base */ = {isa = PBXFileReference; lastKnownFileType = file.storyboard; name = Base; path = Base.lproj/Main.storyboard; sourceTree = "<group>"; };
		D24CF6441A6D815900540A64 /* Images.xcassets */ = {isa = PBXFileReference; lastKnownFileType = folder.assetcatalog; path = Images.xcassets; sourceTree = "<group>"; };
		D24CF6471A6D815900540A64 /* Base */ = {isa = PBXFileReference; lastKnownFileType = file.xib; name = Base; path = Base.lproj/LaunchScreen.xib; sourceTree = "<group>"; };
		D24CF64D1A6D815900540A64 /* BranchSDKTestTests.xctest */ = {isa = PBXFileReference; explicitFileType = wrapper.cfbundle; includeInIndex = 0; path = BranchSDKTestTests.xctest; sourceTree = BUILT_PRODUCTS_DIR; };
		D24CF6521A6D815900540A64 /* Info.plist */ = {isa = PBXFileReference; lastKnownFileType = text.plist.xml; path = Info.plist; sourceTree = "<group>"; };
		D24CF6531A6D815900540A64 /* BranchSDKTestTests.m */ = {isa = PBXFileReference; lastKnownFileType = sourcecode.c.objc; path = BranchSDKTestTests.m; sourceTree = "<group>"; };
		D24CF65D1A6D817F00540A64 /* Podfile */ = {isa = PBXFileReference; fileEncoding = 4; lastKnownFileType = text; path = Podfile; sourceTree = "<group>"; };
/* End PBXFileReference section */

/* Begin PBXFrameworksBuildPhase section */
		D24CF62E1A6D815900540A64 /* Frameworks */ = {
			isa = PBXFrameworksBuildPhase;
			buildActionMask = 2147483647;
			files = (
			);
			runOnlyForDeploymentPostprocessing = 0;
		};
		D24CF64A1A6D815900540A64 /* Frameworks */ = {
			isa = PBXFrameworksBuildPhase;
			buildActionMask = 2147483647;
			files = (
			);
			runOnlyForDeploymentPostprocessing = 0;
		};
/* End PBXFrameworksBuildPhase section */

/* Begin PBXGroup section */
		D24CF6281A6D815900540A64 = {
			isa = PBXGroup;
			children = (
				D24CF6331A6D815900540A64 /* BranchSDKTest */,
				D24CF6501A6D815900540A64 /* BranchSDKTestTests */,
				D24CF6321A6D815900540A64 /* Products */,
			);
			sourceTree = "<group>";
		};
		D24CF6321A6D815900540A64 /* Products */ = {
			isa = PBXGroup;
			children = (
				D24CF6311A6D815900540A64 /* BranchSDKTest.app */,
				D24CF64D1A6D815900540A64 /* BranchSDKTestTests.xctest */,
			);
			name = Products;
			sourceTree = "<group>";
		};
		D24CF6331A6D815900540A64 /* BranchSDKTest */ = {
			isa = PBXGroup;
			children = (
				D24CF6381A6D815900540A64 /* AppDelegate.h */,
				D24CF6391A6D815900540A64 /* AppDelegate.m */,
				D24CF63B1A6D815900540A64 /* FirstViewController.h */,
				D24CF63C1A6D815900540A64 /* FirstViewController.m */,
				D24CF63E1A6D815900540A64 /* SecondViewController.h */,
				D24CF63F1A6D815900540A64 /* SecondViewController.m */,
				D24CF6411A6D815900540A64 /* Main.storyboard */,
				D24CF6441A6D815900540A64 /* Images.xcassets */,
				D24CF6461A6D815900540A64 /* LaunchScreen.xib */,
				D24CF6341A6D815900540A64 /* Supporting Files */,
			);
			path = BranchSDKTest;
			sourceTree = "<group>";
		};
		D24CF6341A6D815900540A64 /* Supporting Files */ = {
			isa = PBXGroup;
			children = (
				D24CF65D1A6D817F00540A64 /* Podfile */,
				D24CF6351A6D815900540A64 /* Info.plist */,
				D24CF6361A6D815900540A64 /* main.m */,
			);
			name = "Supporting Files";
			sourceTree = "<group>";
		};
		D24CF6501A6D815900540A64 /* BranchSDKTestTests */ = {
			isa = PBXGroup;
			children = (
				D24CF6531A6D815900540A64 /* BranchSDKTestTests.m */,
				D24CF6511A6D815900540A64 /* Supporting Files */,
			);
			path = BranchSDKTestTests;
			sourceTree = "<group>";
		};
		D24CF6511A6D815900540A64 /* Supporting Files */ = {
			isa = PBXGroup;
			children = (
				D24CF6521A6D815900540A64 /* Info.plist */,
			);
			name = "Supporting Files";
			sourceTree = "<group>";
		};
/* End PBXGroup section */

/* Begin PBXNativeTarget section */
		D24CF6301A6D815900540A64 /* BranchSDKTest */ = {
			isa = PBXNativeTarget;
			buildConfigurationList = D24CF6571A6D815900540A64 /* Build configuration list for PBXNativeTarget "BranchSDKTest" */;
			buildPhases = (
				D24CF62D1A6D815900540A64 /* Sources */,
				D24CF62E1A6D815900540A64 /* Frameworks */,
				D24CF62F1A6D815900540A64 /* Resources */,
			);
			buildRules = (
			);
			dependencies = (
			);
			name = BranchSDKTest;
			productName = BranchSDKTest;
			productReference = D24CF6311A6D815900540A64 /* BranchSDKTest.app */;
			productType = "com.apple.product-type.application";
		};
		D24CF64C1A6D815900540A64 /* BranchSDKTestTests */ = {
			isa = PBXNativeTarget;
			buildConfigurationList = D24CF65A1A6D815900540A64 /* Build configuration list for PBXNativeTarget "BranchSDKTestTests" */;
			buildPhases = (
				D24CF6491A6D815900540A64 /* Sources */,
				D24CF64A1A6D815900540A64 /* Frameworks */,
				D24CF64B1A6D815900540A64 /* Resources */,
			);
			buildRules = (
			);
			dependencies = (
				D24CF64F1A6D815900540A64 /* PBXTargetDependency */,
			);
			name = BranchSDKTestTests;
			productName = BranchSDKTestTests;
			productReference = D24CF64D1A6D815900540A64 /* BranchSDKTestTests.xctest */;
			productType = "com.apple.product-type.bundle.unit-test";
		};
/* End PBXNativeTarget section */

/* Begin PBXProject section */
		D24CF6291A6D815900540A64 /* Project object */ = {
			isa = PBXProject;
			attributes = {
				LastUpgradeCheck = 0610;
				ORGANIZATIONNAME = "Scott Hasbrouck";
				TargetAttributes = {
					D24CF6301A6D815900540A64 = {
						CreatedOnToolsVersion = 6.1.1;
					};
					D24CF64C1A6D815900540A64 = {
						CreatedOnToolsVersion = 6.1.1;
						TestTargetID = D24CF6301A6D815900540A64;
					};
				};
			};
			buildConfigurationList = D24CF62C1A6D815900540A64 /* Build configuration list for PBXProject "BranchSDKTest" */;
			compatibilityVersion = "Xcode 3.2";
			developmentRegion = English;
			hasScannedForEncodings = 0;
			knownRegions = (
				en,
				Base,
			);
			mainGroup = D24CF6281A6D815900540A64;
			productRefGroup = D24CF6321A6D815900540A64 /* Products */;
			projectDirPath = "";
			projectRoot = "";
			targets = (
				D24CF6301A6D815900540A64 /* BranchSDKTest */,
				D24CF64C1A6D815900540A64 /* BranchSDKTestTests */,
			);
		};
/* End PBXProject section */

/* Begin PBXResourcesBuildPhase section */
		D24CF62F1A6D815900540A64 /* Resources */ = {
			isa = PBXResourcesBuildPhase;
			buildActionMask = 2147483647;
			files = (
				D24CF6431A6D815900540A64 /* Main.storyboard in Resources */,
				D24CF6481A6D815900540A64 /* LaunchScreen.xib in Resources */,
				D24CF65E1A6D817F00540A64 /* Podfile in Resources */,
				D24CF6451A6D815900540A64 /* Images.xcassets in Resources */,
			);
			runOnlyForDeploymentPostprocessing = 0;
		};
		D24CF64B1A6D815900540A64 /* Resources */ = {
			isa = PBXResourcesBuildPhase;
			buildActionMask = 2147483647;
			files = (
			);
			runOnlyForDeploymentPostprocessing = 0;
		};
/* End PBXResourcesBuildPhase section */

/* Begin PBXSourcesBuildPhase section */
		D24CF62D1A6D815900540A64 /* Sources */ = {
			isa = PBXSourcesBuildPhase;
			buildActionMask = 2147483647;
			files = (
				D24CF6401A6D815900540A64 /* SecondViewController.m in Sources */,
				D24CF63A1A6D815900540A64 /* AppDelegate.m in Sources */,
				D24CF63D1A6D815900540A64 /* FirstViewController.m in Sources */,
				D24CF6371A6D815900540A64 /* main.m in Sources */,
			);
			runOnlyForDeploymentPostprocessing = 0;
		};
		D24CF6491A6D815900540A64 /* Sources */ = {
			isa = PBXSourcesBuildPhase;
			buildActionMask = 2147483647;
			files = (
				D24CF6541A6D815900540A64 /* BranchSDKTestTests.m in Sources */,
			);
			runOnlyForDeploymentPostprocessing = 0;
		};
/* End PBXSourcesBuildPhase section */

/* Begin PBXTargetDependency section */
		D24CF64F1A6D815900540A64 /* PBXTargetDependency */ = {
			isa = PBXTargetDependency;
			target = D24CF6301A6D815900540A64 /* BranchSDKTest */;
			targetProxy = D24CF64E1A6D815900540A64 /* PBXContainerItemProxy */;
		};
/* End PBXTargetDependency section */

/* Begin PBXVariantGroup section */
		D24CF6411A6D815900540A64 /* Main.storyboard */ = {
			isa = PBXVariantGroup;
			children = (
				D24CF6421A6D815900540A64 /* Base */,
			);
			name = Main.storyboard;
			sourceTree = "<group>";
		};
		D24CF6461A6D815900540A64 /* LaunchScreen.xib */ = {
			isa = PBXVariantGroup;
			children = (
				D24CF6471A6D815900540A64 /* Base */,
			);
			name = LaunchScreen.xib;
			sourceTree = "<group>";
		};
/* End PBXVariantGroup section */

/* Begin XCBuildConfiguration section */
		D24CF6551A6D815900540A64 /* Debug */ = {
			isa = XCBuildConfiguration;
			buildSettings = {
				ALWAYS_SEARCH_USER_PATHS = NO;
				CLANG_CXX_LANGUAGE_STANDARD = "gnu++0x";
				CLANG_CXX_LIBRARY = "libc++";
				CLANG_ENABLE_MODULES = YES;
				CLANG_ENABLE_OBJC_ARC = YES;
				CLANG_WARN_BOOL_CONVERSION = YES;
				CLANG_WARN_CONSTANT_CONVERSION = YES;
				CLANG_WARN_DIRECT_OBJC_ISA_USAGE = YES_ERROR;
				CLANG_WARN_EMPTY_BODY = YES;
				CLANG_WARN_ENUM_CONVERSION = YES;
				CLANG_WARN_INT_CONVERSION = YES;
				CLANG_WARN_OBJC_ROOT_CLASS = YES_ERROR;
				CLANG_WARN_UNREACHABLE_CODE = YES;
				CLANG_WARN__DUPLICATE_METHOD_MATCH = YES;
				"CODE_SIGN_IDENTITY[sdk=iphoneos*]" = "iPhone Developer";
				COPY_PHASE_STRIP = NO;
				ENABLE_STRICT_OBJC_MSGSEND = YES;
				GCC_C_LANGUAGE_STANDARD = gnu99;
				GCC_DYNAMIC_NO_PIC = NO;
				GCC_OPTIMIZATION_LEVEL = 0;
				GCC_PREPROCESSOR_DEFINITIONS = (
					"DEBUG=1",
					"$(inherited)",
				);
				GCC_SYMBOLS_PRIVATE_EXTERN = NO;
				GCC_WARN_64_TO_32_BIT_CONVERSION = YES;
				GCC_WARN_ABOUT_RETURN_TYPE = YES_ERROR;
				GCC_WARN_UNDECLARED_SELECTOR = YES;
				GCC_WARN_UNINITIALIZED_AUTOS = YES_AGGRESSIVE;
				GCC_WARN_UNUSED_FUNCTION = YES;
				GCC_WARN_UNUSED_VARIABLE = YES;
				IPHONEOS_DEPLOYMENT_TARGET = 8.1;
				MTL_ENABLE_DEBUG_INFO = YES;
				ONLY_ACTIVE_ARCH = YES;
				SDKROOT = iphoneos;
				TARGETED_DEVICE_FAMILY = "1,2";
			};
			name = Debug;
		};
		D24CF6561A6D815900540A64 /* Release */ = {
			isa = XCBuildConfiguration;
			buildSettings = {
				ALWAYS_SEARCH_USER_PATHS = NO;
				CLANG_CXX_LANGUAGE_STANDARD = "gnu++0x";
				CLANG_CXX_LIBRARY = "libc++";
				CLANG_ENABLE_MODULES = YES;
				CLANG_ENABLE_OBJC_ARC = YES;
				CLANG_WARN_BOOL_CONVERSION = YES;
				CLANG_WARN_CONSTANT_CONVERSION = YES;
				CLANG_WARN_DIRECT_OBJC_ISA_USAGE = YES_ERROR;
				CLANG_WARN_EMPTY_BODY = YES;
				CLANG_WARN_ENUM_CONVERSION = YES;
				CLANG_WARN_INT_CONVERSION = YES;
				CLANG_WARN_OBJC_ROOT_CLASS = YES_ERROR;
				CLANG_WARN_UNREACHABLE_CODE = YES;
				CLANG_WARN__DUPLICATE_METHOD_MATCH = YES;
				"CODE_SIGN_IDENTITY[sdk=iphoneos*]" = "iPhone Developer";
				COPY_PHASE_STRIP = YES;
				ENABLE_NS_ASSERTIONS = NO;
				ENABLE_STRICT_OBJC_MSGSEND = YES;
				GCC_C_LANGUAGE_STANDARD = gnu99;
				GCC_WARN_64_TO_32_BIT_CONVERSION = YES;
				GCC_WARN_ABOUT_RETURN_TYPE = YES_ERROR;
				GCC_WARN_UNDECLARED_SELECTOR = YES;
				GCC_WARN_UNINITIALIZED_AUTOS = YES_AGGRESSIVE;
				GCC_WARN_UNUSED_FUNCTION = YES;
				GCC_WARN_UNUSED_VARIABLE = YES;
				IPHONEOS_DEPLOYMENT_TARGET = 8.1;
				MTL_ENABLE_DEBUG_INFO = NO;
				SDKROOT = iphoneos;
				TARGETED_DEVICE_FAMILY = "1,2";
				VALIDATE_PRODUCT = YES;
			};
			name = Release;
		};
		D24CF6581A6D815900540A64 /* Debug */ = {
			isa = XCBuildConfiguration;
			buildSettings = {
				ASSETCATALOG_COMPILER_APPICON_NAME = AppIcon;
				INFOPLIST_FILE = BranchSDKTest/Info.plist;
				LD_RUNPATH_SEARCH_PATHS = "$(inherited) @executable_path/Frameworks";
				PRODUCT_NAME = "$(TARGET_NAME)";
			};
			name = Debug;
		};
		D24CF6591A6D815900540A64 /* Release */ = {
			isa = XCBuildConfiguration;
			buildSettings = {
				ASSETCATALOG_COMPILER_APPICON_NAME = AppIcon;
				INFOPLIST_FILE = BranchSDKTest/Info.plist;
				LD_RUNPATH_SEARCH_PATHS = "$(inherited) @executable_path/Frameworks";
				PRODUCT_NAME = "$(TARGET_NAME)";
			};
			name = Release;
		};
		D24CF65B1A6D815900540A64 /* Debug */ = {
			isa = XCBuildConfiguration;
			buildSettings = {
				BUNDLE_LOADER = "$(TEST_HOST)";
				FRAMEWORK_SEARCH_PATHS = (
					"$(SDKROOT)/Developer/Library/Frameworks",
					"$(inherited)",
				);
				GCC_PREPROCESSOR_DEFINITIONS = (
					"DEBUG=1",
					"$(inherited)",
				);
				INFOPLIST_FILE = BranchSDKTestTests/Info.plist;
				LD_RUNPATH_SEARCH_PATHS = "$(inherited) @executable_path/Frameworks @loader_path/Frameworks";
				PRODUCT_NAME = "$(TARGET_NAME)";
				TEST_HOST = "$(BUILT_PRODUCTS_DIR)/BranchSDKTest.app/BranchSDKTest";
			};
			name = Debug;
		};
		D24CF65C1A6D815900540A64 /* Release */ = {
			isa = XCBuildConfiguration;
			buildSettings = {
				BUNDLE_LOADER = "$(TEST_HOST)";
				FRAMEWORK_SEARCH_PATHS = (
					"$(SDKROOT)/Developer/Library/Frameworks",
					"$(inherited)",
				);
				INFOPLIST_FILE = BranchSDKTestTests/Info.plist;
				LD_RUNPATH_SEARCH_PATHS = "$(inherited) @executable_path/Frameworks @loader_path/Frameworks";
				PRODUCT_NAME = "$(TARGET_NAME)";
				TEST_HOST = "$(BUILT_PRODUCTS_DIR)/BranchSDKTest.app/BranchSDKTest";
			};
			name = Release;
		};
/* End XCBuildConfiguration section */

/* Begin XCConfigurationList section */
		D24CF62C1A6D815900540A64 /* Build configuration list for PBXProject "BranchSDKTest" */ = {
			isa = XCConfigurationList;
			buildConfigurations = (
				D24CF6551A6D815900540A64 /* Debug */,
				D24CF6561A6D815900540A64 /* Release */,
			);
			defaultConfigurationIsVisible = 0;
			defaultConfigurationName = Release;
		};
		D24CF6571A6D815900540A64 /* Build configuration list for PBXNativeTarget "BranchSDKTest" */ = {
			isa = XCConfigurationList;
			buildConfigurations = (
				D24CF6581A6D815900540A64 /* Debug */,
				D24CF6591A6D815900540A64 /* Release */,
			);
			defaultConfigurationIsVisible = 0;
		};
		D24CF65A1A6D815900540A64 /* Build configuration list for PBXNativeTarget "BranchSDKTestTests" */ = {
			isa = XCConfigurationList;
			buildConfigurations = (
				D24CF65B1A6D815900540A64 /* Debug */,
				D24CF65C1A6D815900540A64 /* Release */,
			);
			defaultConfigurationIsVisible = 0;
		};
/* End XCConfigurationList section */
	};
	rootObject = D24CF6291A6D815900540A64 /* Project object */;
}
